
Microsoft Visual Studio Solution File, Format Version 12.00
# Visual Studio Version 16
VisualStudioVersion = 16.0.34407.143
MinimumVisualStudioVersion = 10.0.40219.1
Project("{FAE04EC0-301F-11D3-BF4B-00C04F79EFBC}") = "Teleatel`e", "Teleatel`e.csproj", "{1A69EA10-C5F6-4243-AEA2-FF403CDE8A38}"
EndProject
Global
	GlobalSection(SolutionConfigurationPlatforms) = preSolution
		Debug|Any CPU = Debug|Any CPU
		Release|Any CPU = Release|Any CPU
	EndGlobalSection
	GlobalSection(ProjectConfigurationPlatforms) = postSolution
		{1A69EA10-C5F6-4243-AEA2-FF403CDE8A38}.Debug|Any CPU.ActiveCfg = Debug|Any CPU
		{1A69EA10-C5F6-4243-AEA2-FF403CDE8A38}.Debug|Any CPU.Build.0 = Debug|Any CPU
		{1A69EA10-C5F6-4243-AEA2-FF403CDE8A38}.Release|Any CPU.ActiveCfg = Release|Any CPU
		{1A69EA10-C5F6-4243-AEA2-FF403CDE8A38}.Release|Any CPU.Build.0 = Release|Any CPU
	EndGlobalSection
	GlobalSection(SolutionProperties) = preSolution
		HideSolutionNode = FALSE
	EndGlobalSection
	GlobalSection(ExtensibilityGlobals) = postSolution
		SolutionGuid = {6EE20E53-F0F1-456E-A6F2-823F2895DCCF}
	EndGlobalSection
EndGlobal
